// !$*UTF8*$!
{
	archiveVersion = 1;
	classes = {
	};
	objectVersion = 46;
	objects = {

/* Begin PBXBuildFile section */
		15C9BDE71F29BDC5007D9BCD /* AppDelegate.swift in Sources */ = {isa = PBXBuildFile; fileRef = 15C9BDDA1F29BDC5007D9BCD /* AppDelegate.swift */; };
		15C9BDE81F29BDC5007D9BCD /* ViewController.swift in Sources */ = {isa = PBXBuildFile; fileRef = 15C9BDDC1F29BDC5007D9BCD /* ViewController.swift */; };
		15C9BDE91F29BDC5007D9BCD /* GoogleKeep.xcdatamodeld in Sources */ = {isa = PBXBuildFile; fileRef = 15C9BDDE1F29BDC5007D9BCD /* GoogleKeep.xcdatamodeld */; };
		15C9BDEA1F29BDC5007D9BCD /* Assets.xcassets in Resources */ = {isa = PBXBuildFile; fileRef = 15C9BDE21F29BDC5007D9BCD /* Assets.xcassets */; };
		15C9BDEC1F29BDC5007D9BCD /* LaunchScreen.storyboard in Resources */ = {isa = PBXBuildFile; fileRef = 15C9BDE51F29BDC5007D9BCD /* LaunchScreen.storyboard */; };
		15C9BDED1F29BDC5007D9BCD /* Main.storyboard in Resources */ = {isa = PBXBuildFile; fileRef = 15C9BDE61F29BDC5007D9BCD /* Main.storyboard */; };
		15C9BDFD1F29C9F9007D9BCD /* MenuViewController.swift in Sources */ = {isa = PBXBuildFile; fileRef = 15C9BDFC1F29C9F9007D9BCD /* MenuViewController.swift */; };
		15C9BDFF1F29CEFA007D9BCD /* HomeViewController.swift in Sources */ = {isa = PBXBuildFile; fileRef = 15C9BDFE1F29CEFA007D9BCD /* HomeViewController.swift */; };
		15C9BE011F29D1DD007D9BCD /* Utility.swift in Sources */ = {isa = PBXBuildFile; fileRef = 15C9BE001F29D1DD007D9BCD /* Utility.swift */; };
		15C9BE0B1F29D323007D9BCD /* SWRevealViewController.m in Sources */ = {isa = PBXBuildFile; fileRef = 15C9BE0A1F29D323007D9BCD /* SWRevealViewController.m */; };
		15C9BE141F29F06B007D9BCD /* Define.swift in Sources */ = {isa = PBXBuildFile; fileRef = 15C9BE131F29F06B007D9BCD /* Define.swift */; };
		15C9BE161F2A0045007D9BCD /* SlideBarButton.png in Resources */ = {isa = PBXBuildFile; fileRef = 15C9BE151F2A0045007D9BCD /* SlideBarButton.png */; };
/* End PBXBuildFile section */

/* Begin PBXFileReference section */
		15C9BDC01F29BC3C007D9BCD /* GoogleKeep.app */ = {isa = PBXFileReference; explicitFileType = wrapper.application; includeInIndex = 0; path = GoogleKeep.app; sourceTree = BUILT_PRODUCTS_DIR; };
		15C9BDCB1F29BC3C007D9BCD /* GoogleKeep.xcdatamodel */ = {isa = PBXFileReference; lastKnownFileType = wrapper.xcdatamodel; path = GoogleKeep.xcdatamodel; sourceTree = "<group>"; };
		15C9BDDA1F29BDC5007D9BCD /* AppDelegate.swift */ = {isa = PBXFileReference; fileEncoding = 4; lastKnownFileType = sourcecode.swift; path = AppDelegate.swift; sourceTree = "<group>"; };
		15C9BDDC1F29BDC5007D9BCD /* ViewController.swift */ = {isa = PBXFileReference; fileEncoding = 4; lastKnownFileType = sourcecode.swift; path = ViewController.swift; sourceTree = "<group>"; };
		15C9BDDF1F29BDC5007D9BCD /* GoogleKeep.xcdatamodel */ = {isa = PBXFileReference; lastKnownFileType = wrapper.xcdatamodel; path = GoogleKeep.xcdatamodel; sourceTree = "<group>"; };
		15C9BDE21F29BDC5007D9BCD /* Assets.xcassets */ = {isa = PBXFileReference; lastKnownFileType = folder.assetcatalog; path = Assets.xcassets; sourceTree = "<group>"; };
		15C9BDE31F29BDC5007D9BCD /* Info.plist */ = {isa = PBXFileReference; fileEncoding = 4; lastKnownFileType = text.plist.xml; path = Info.plist; sourceTree = "<group>"; };
		15C9BDE51F29BDC5007D9BCD /* LaunchScreen.storyboard */ = {isa = PBXFileReference; fileEncoding = 4; lastKnownFileType = file.storyboard; path = LaunchScreen.storyboard; sourceTree = "<group>"; };
		15C9BDE61F29BDC5007D9BCD /* Main.storyboard */ = {isa = PBXFileReference; fileEncoding = 4; lastKnownFileType = file.storyboard; path = Main.storyboard; sourceTree = "<group>"; };
		15C9BDFC1F29C9F9007D9BCD /* MenuViewController.swift */ = {isa = PBXFileReference; fileEncoding = 4; lastKnownFileType = sourcecode.swift; path = MenuViewController.swift; sourceTree = "<group>"; };
		15C9BDFE1F29CEFA007D9BCD /* HomeViewController.swift */ = {isa = PBXFileReference; fileEncoding = 4; lastKnownFileType = sourcecode.swift; path = HomeViewController.swift; sourceTree = "<group>"; };
		15C9BE001F29D1DD007D9BCD /* Utility.swift */ = {isa = PBXFileReference; fileEncoding = 4; lastKnownFileType = sourcecode.swift; path = Utility.swift; sourceTree = "<group>"; };
		15C9BE091F29D323007D9BCD /* SWRevealViewController.h */ = {isa = PBXFileReference; fileEncoding = 4; lastKnownFileType = sourcecode.c.h; path = SWRevealViewController.h; sourceTree = "<group>"; };
		15C9BE0A1F29D323007D9BCD /* SWRevealViewController.m */ = {isa = PBXFileReference; fileEncoding = 4; lastKnownFileType = sourcecode.c.objc; path = SWRevealViewController.m; sourceTree = "<group>"; };
		15C9BE111F29EC58007D9BCD /* GoogleKeep-Bridging-Header.h */ = {isa = PBXFileReference; lastKnownFileType = sourcecode.c.h; path = "GoogleKeep-Bridging-Header.h"; sourceTree = "<group>"; };
		15C9BE131F29F06B007D9BCD /* Define.swift */ = {isa = PBXFileReference; fileEncoding = 4; lastKnownFileType = sourcecode.swift; path = Define.swift; sourceTree = "<group>"; };
		15C9BE151F2A0045007D9BCD /* SlideBarButton.png */ = {isa = PBXFileReference; lastKnownFileType = image.png; path = SlideBarButton.png; sourceTree = "<group>"; };
/* End PBXFileReference section */

/* Begin PBXFrameworksBuildPhase section */
		15C9BDBD1F29BC3A007D9BCD /* Frameworks */ = {
			isa = PBXFrameworksBuildPhase;
			buildActionMask = 2147483647;
			files = (
			);
			runOnlyForDeploymentPostprocessing = 0;
		};
/* End PBXFrameworksBuildPhase section */

/* Begin PBXGroup section */
		15C9BDB71F29BC3A007D9BCD = {
			isa = PBXGroup;
			children = (
				15C9BDC21F29BC3C007D9BCD /* GoogleKeep */,
				15C9BDC11F29BC3C007D9BCD /* Products */,
			);
			sourceTree = "<group>";
		};
		15C9BDC11F29BC3C007D9BCD /* Products */ = {
			isa = PBXGroup;
			children = (
				15C9BDC01F29BC3C007D9BCD /* GoogleKeep.app */,
			);
			name = Products;
			sourceTree = "<group>";
		};
		15C9BDC21F29BC3C007D9BCD /* GoogleKeep */ = {
			isa = PBXGroup;
			children = (
				15C9BDD81F29BDC5007D9BCD /* Classes */,
				15C9BDDD1F29BDC5007D9BCD /* Database */,
				15C9BDE01F29BDC5007D9BCD /* Resources */,
				15C9BDCA1F29BC3C007D9BCD /* GoogleKeep.xcdatamodeld */,
			);
			path = GoogleKeep;
			sourceTree = "<group>";
		};
		15C9BDD81F29BDC5007D9BCD /* Classes */ = {
			isa = PBXGroup;
			children = (
				15C9BDF61F29C1A5007D9BCD /* Utils */,
				15C9BDD91F29BDC5007D9BCD /* AppDelegates */,
				15C9BDDB1F29BDC5007D9BCD /* ViewControllers */,
			);
			path = Classes;
			sourceTree = "<group>";
		};
		15C9BDD91F29BDC5007D9BCD /* AppDelegates */ = {
			isa = PBXGroup;
			children = (
				15C9BDDA1F29BDC5007D9BCD /* AppDelegate.swift */,
			);
			path = AppDelegates;
			sourceTree = "<group>";
		};
		15C9BDDB1F29BDC5007D9BCD /* ViewControllers */ = {
			isa = PBXGroup;
			children = (
				15C9BDDC1F29BDC5007D9BCD /* ViewController.swift */,
				15C9BDFC1F29C9F9007D9BCD /* MenuViewController.swift */,
				15C9BDFE1F29CEFA007D9BCD /* HomeViewController.swift */,
			);
			path = ViewControllers;
			sourceTree = "<group>";
		};
		15C9BDDD1F29BDC5007D9BCD /* Database */ = {
			isa = PBXGroup;
			children = (
				15C9BDDE1F29BDC5007D9BCD /* GoogleKeep.xcdatamodeld */,
			);
			path = Database;
			sourceTree = "<group>";
		};
		15C9BDE01F29BDC5007D9BCD /* Resources */ = {
			isa = PBXGroup;
			children = (
				15C9BE121F29F02A007D9BCD /* Images */,
				15C9BDE11F29BDC5007D9BCD /* Others */,
				15C9BDE41F29BDC5007D9BCD /* StoryBoards */,
			);
			path = Resources;
			sourceTree = "<group>";
		};
		15C9BDE11F29BDC5007D9BCD /* Others */ = {
			isa = PBXGroup;
			children = (
				15C9BDE21F29BDC5007D9BCD /* Assets.xcassets */,
				15C9BDE31F29BDC5007D9BCD /* Info.plist */,
			);
			path = Others;
			sourceTree = "<group>";
		};
		15C9BDE41F29BDC5007D9BCD /* StoryBoards */ = {
			isa = PBXGroup;
			children = (
				15C9BDE51F29BDC5007D9BCD /* LaunchScreen.storyboard */,
				15C9BDE61F29BDC5007D9BCD /* Main.storyboard */,
			);
			path = StoryBoards;
			sourceTree = "<group>";
		};
		15C9BDF61F29C1A5007D9BCD /* Utils */ = {
			isa = PBXGroup;
			children = (
				15C9BE081F29D323007D9BCD /* ThirdPartyLibrary */,
				15C9BE001F29D1DD007D9BCD /* Utility.swift */,
				15C9BE111F29EC58007D9BCD /* GoogleKeep-Bridging-Header.h */,
				15C9BE131F29F06B007D9BCD /* Define.swift */,
			);
			path = Utils;
			sourceTree = "<group>";
		};
		15C9BE081F29D323007D9BCD /* ThirdPartyLibrary */ = {
			isa = PBXGroup;
			children = (
				15C9BE091F29D323007D9BCD /* SWRevealViewController.h */,
				15C9BE0A1F29D323007D9BCD /* SWRevealViewController.m */,
			);
			path = ThirdPartyLibrary;
			sourceTree = "<group>";
		};
		15C9BE121F29F02A007D9BCD /* Images */ = {
			isa = PBXGroup;
			children = (
				15C9BE151F2A0045007D9BCD /* SlideBarButton.png */,
			);
			name = Images;
			sourceTree = "<group>";
		};
/* End PBXGroup section */

/* Begin PBXNativeTarget section */
		15C9BDBF1F29BC3A007D9BCD /* GoogleKeep */ = {
			isa = PBXNativeTarget;
			buildConfigurationList = 15C9BDD51F29BC3C007D9BCD /* Build configuration list for PBXNativeTarget "GoogleKeep" */;
			buildPhases = (
				15C9BDBC1F29BC3A007D9BCD /* Sources */,
				15C9BDBD1F29BC3A007D9BCD /* Frameworks */,
				15C9BDBE1F29BC3A007D9BCD /* Resources */,
			);
			buildRules = (
			);
			dependencies = (
			);
			name = GoogleKeep;
			productName = GoogleKeep;
			productReference = 15C9BDC01F29BC3C007D9BCD /* GoogleKeep.app */;
			productType = "com.apple.product-type.application";
		};
/* End PBXNativeTarget section */

/* Begin PBXProject section */
		15C9BDB81F29BC3A007D9BCD /* Project object */ = {
			isa = PBXProject;
			attributes = {
				LastSwiftUpdateCheck = 0810;
				LastUpgradeCheck = 0810;
				ORGANIZATIONNAME = "Mohini Sindhu ";
				TargetAttributes = {
					15C9BDBF1F29BC3A007D9BCD = {
						CreatedOnToolsVersion = 8.1;
						DevelopmentTeam = 45C6ZJ7FZY;
						LastSwiftMigration = 0810;
						ProvisioningStyle = Automatic;
					};
				};
			};
			buildConfigurationList = 15C9BDBB1F29BC3A007D9BCD /* Build configuration list for PBXProject "GoogleKeep" */;
			compatibilityVersion = "Xcode 3.2";
			developmentRegion = English;
			hasScannedForEncodings = 0;
			knownRegions = (
				en,
				Base,
			);
			mainGroup = 15C9BDB71F29BC3A007D9BCD;
			productRefGroup = 15C9BDC11F29BC3C007D9BCD /* Products */;
			projectDirPath = "";
			projectRoot = "";
			targets = (
				15C9BDBF1F29BC3A007D9BCD /* GoogleKeep */,
			);
		};
/* End PBXProject section */

/* Begin PBXResourcesBuildPhase section */
		15C9BDBE1F29BC3A007D9BCD /* Resources */ = {
			isa = PBXResourcesBuildPhase;
			buildActionMask = 2147483647;
			files = (
				15C9BDEC1F29BDC5007D9BCD /* LaunchScreen.storyboard in Resources */,
				15C9BDEA1F29BDC5007D9BCD /* Assets.xcassets in Resources */,
				15C9BDED1F29BDC5007D9BCD /* Main.storyboard in Resources */,
				15C9BE161F2A0045007D9BCD /* SlideBarButton.png in Resources */,
			);
			runOnlyForDeploymentPostprocessing = 0;
		};
/* End PBXResourcesBuildPhase section */

/* Begin PBXSourcesBuildPhase section */
		15C9BDBC1F29BC3A007D9BCD /* Sources */ = {
			isa = PBXSourcesBuildPhase;
			buildActionMask = 2147483647;
			files = (
				15C9BE0B1F29D323007D9BCD /* SWRevealViewController.m in Sources */,
				15C9BE011F29D1DD007D9BCD /* Utility.swift in Sources */,
				15C9BE141F29F06B007D9BCD /* Define.swift in Sources */,
				15C9BDE81F29BDC5007D9BCD /* ViewController.swift in Sources */,
				15C9BDFD1F29C9F9007D9BCD /* MenuViewController.swift in Sources */,
				15C9BDE91F29BDC5007D9BCD /* GoogleKeep.xcdatamodeld in Sources */,
				15C9BDE71F29BDC5007D9BCD /* AppDelegate.swift in Sources */,
				15C9BDFF1F29CEFA007D9BCD /* HomeViewController.swift in Sources */,
			);
			runOnlyForDeploymentPostprocessing = 0;
		};
/* End PBXSourcesBuildPhase section */

/* Begin XCBuildConfiguration section */
		15C9BDD31F29BC3C007D9BCD /* Debug */ = {
			isa = XCBuildConfiguration;
			buildSettings = {
				ALWAYS_SEARCH_USER_PATHS = NO;
				CLANG_ANALYZER_NONNULL = YES;
				CLANG_CXX_LANGUAGE_STANDARD = "gnu++0x";
				CLANG_CXX_LIBRARY = "libc++";
				CLANG_ENABLE_MODULES = YES;
				CLANG_ENABLE_OBJC_ARC = YES;
				CLANG_WARN_BOOL_CONVERSION = YES;
				CLANG_WARN_CONSTANT_CONVERSION = YES;
				CLANG_WARN_DIRECT_OBJC_ISA_USAGE = YES_ERROR;
				CLANG_WARN_DOCUMENTATION_COMMENTS = YES;
				CLANG_WARN_EMPTY_BODY = YES;
				CLANG_WARN_ENUM_CONVERSION = YES;
				CLANG_WARN_INFINITE_RECURSION = YES;
				CLANG_WARN_INT_CONVERSION = YES;
				CLANG_WARN_OBJC_ROOT_CLASS = YES_ERROR;
				CLANG_WARN_SUSPICIOUS_MOVES = YES;
				CLANG_WARN_UNREACHABLE_CODE = YES;
				CLANG_WARN__DUPLICATE_METHOD_MATCH = YES;
				"CODE_SIGN_IDENTITY[sdk=iphoneos*]" = "iPhone Developer";
				COPY_PHASE_STRIP = NO;
				DEBUG_INFORMATION_FORMAT = dwarf;
				ENABLE_STRICT_OBJC_MSGSEND = YES;
				ENABLE_TESTABILITY = YES;
				GCC_C_LANGUAGE_STANDARD = gnu99;
				GCC_DYNAMIC_NO_PIC = NO;
				GCC_NO_COMMON_BLOCKS = YES;
				GCC_OPTIMIZATION_LEVEL = 0;
				GCC_PREPROCESSOR_DEFINITIONS = (
					"DEBUG=1",
					"$(inherited)",
				);
				GCC_WARN_64_TO_32_BIT_CONVERSION = YES;
				GCC_WARN_ABOUT_RETURN_TYPE = YES_ERROR;
				GCC_WARN_UNDECLARED_SELECTOR = YES;
				GCC_WARN_UNINITIALIZED_AUTOS = YES_AGGRESSIVE;
				GCC_WARN_UNUSED_FUNCTION = YES;
				GCC_WARN_UNUSED_VARIABLE = YES;
				IPHONEOS_DEPLOYMENT_TARGET = 10.1;
				MTL_ENABLE_DEBUG_INFO = YES;
				ONLY_ACTIVE_ARCH = YES;
				SDKROOT = iphoneos;
				SWIFT_ACTIVE_COMPILATION_CONDITIONS = DEBUG;
				SWIFT_OBJC_BRIDGING_HEADER = "GoogleKeep-Bridging-Header.h \n";
				SWIFT_OPTIMIZATION_LEVEL = "-Onone";
			};
			name = Debug;
		};
		15C9BDD41F29BC3C007D9BCD /* Release */ = {
			isa = XCBuildConfiguration;
			buildSettings = {
				ALWAYS_SEARCH_USER_PATHS = NO;
				CLANG_ANALYZER_NONNULL = YES;
				CLANG_CXX_LANGUAGE_STANDARD = "gnu++0x";
				CLANG_CXX_LIBRARY = "libc++";
				CLANG_ENABLE_MODULES = YES;
				CLANG_ENABLE_OBJC_ARC = YES;
				CLANG_WARN_BOOL_CONVERSION = YES;
				CLANG_WARN_CONSTANT_CONVERSION = YES;
				CLANG_WARN_DIRECT_OBJC_ISA_USAGE = YES_ERROR;
				CLANG_WARN_DOCUMENTATION_COMMENTS = YES;
				CLANG_WARN_EMPTY_BODY = YES;
				CLANG_WARN_ENUM_CONVERSION = YES;
				CLANG_WARN_INFINITE_RECURSION = YES;
				CLANG_WARN_INT_CONVERSION = YES;
				CLANG_WARN_OBJC_ROOT_CLASS = YES_ERROR;
				CLANG_WARN_SUSPICIOUS_MOVES = YES;
				CLANG_WARN_UNREACHABLE_CODE = YES;
				CLANG_WARN__DUPLICATE_METHOD_MATCH = YES;
				"CODE_SIGN_IDENTITY[sdk=iphoneos*]" = "iPhone Developer";
				COPY_PHASE_STRIP = NO;
				DEBUG_INFORMATION_FORMAT = "dwarf-with-dsym";
				ENABLE_NS_ASSERTIONS = NO;
				ENABLE_STRICT_OBJC_MSGSEND = YES;
				GCC_C_LANGUAGE_STANDARD = gnu99;
				GCC_NO_COMMON_BLOCKS = YES;
				GCC_WARN_64_TO_32_BIT_CONVERSION = YES;
				GCC_WARN_ABOUT_RETURN_TYPE = YES_ERROR;
				GCC_WARN_UNDECLARED_SELECTOR = YES;
				GCC_WARN_UNINITIALIZED_AUTOS = YES_AGGRESSIVE;
				GCC_WARN_UNUSED_FUNCTION = YES;
				GCC_WARN_UNUSED_VARIABLE = YES;
				IPHONEOS_DEPLOYMENT_TARGET = 10.1;
				MTL_ENABLE_DEBUG_INFO = NO;
				SDKROOT = iphoneos;
				SWIFT_OBJC_BRIDGING_HEADER = "GoogleKeep-Bridging-Header.h \n";
				SWIFT_OPTIMIZATION_LEVEL = "-Owholemodule";
				VALIDATE_PRODUCT = YES;
			};
			name = Release;
		};
		15C9BDD61F29BC3C007D9BCD /* Debug */ = {
			isa = XCBuildConfiguration;
			buildSettings = {
				ASSETCATALOG_COMPILER_APPICON_NAME = AppIcon;
				CLANG_ENABLE_MODULES = YES;
				DEVELOPMENT_TEAM = 45C6ZJ7FZY;
				INFOPLIST_FILE = "$(SRCROOT)/GoogleKeep/Resources/Others/Info.plist";
				LD_RUNPATH_SEARCH_PATHS = "$(inherited) @executable_path/Frameworks";
				PRODUCT_BUNDLE_IDENTIFIER = mohini.GoogleKeep;
				PRODUCT_NAME = "$(TARGET_NAME)";
				SWIFT_OBJC_BRIDGING_HEADER = "GoogleKeep/Classes/Utils/GoogleKeep-Bridging-Header.h";
				SWIFT_OPTIMIZATION_LEVEL = "-Onone";
				SWIFT_VERSION = 3.0;
			};
			name = Debug;
		};
		15C9BDD71F29BC3C007D9BCD /* Release */ = {
			isa = XCBuildConfiguration;
			buildSettings = {
				ASSETCATALOG_COMPILER_APPICON_NAME = AppIcon;
				CLANG_ENABLE_MODULES = YES;
				DEVELOPMENT_TEAM = 45C6ZJ7FZY;
				INFOPLIST_FILE = "$(SRCROOT)/GoogleKeep/Resources/Others/Info.plist";
				LD_RUNPATH_SEARCH_PATHS = "$(inherited) @executable_path/Frameworks";
				PRODUCT_BUNDLE_IDENTIFIER = mohini.GoogleKeep;
				PRODUCT_NAME = "$(TARGET_NAME)";
				SWIFT_OBJC_BRIDGING_HEADER = "GoogleKeep/Classes/Utils/GoogleKeep-Bridging-Header.h";
				SWIFT_VERSION = 3.0;
			};
			name = Release;
		};
/* End XCBuildConfiguration section */

/* Begin XCConfigurationList section */
		15C9BDBB1F29BC3A007D9BCD /* Build configuration list for PBXProject "GoogleKeep" */ = {
			isa = XCConfigurationList;
			buildConfigurations = (
				15C9BDD31F29BC3C007D9BCD /* Debug */,
				15C9BDD41F29BC3C007D9BCD /* Release */,
			);
			defaultConfigurationIsVisible = 0;
			defaultConfigurationName = Release;
		};
		15C9BDD51F29BC3C007D9BCD /* Build configuration list for PBXNativeTarget "GoogleKeep" */ = {
			isa = XCConfigurationList;
			buildConfigurations = (
				15C9BDD61F29BC3C007D9BCD /* Debug */,
				15C9BDD71F29BC3C007D9BCD /* Release */,
			);
			defaultConfigurationIsVisible = 0;
			defaultConfigurationName = Release;
		};
/* End XCConfigurationList section */

/* Begin XCVersionGroup section */
		15C9BDCA1F29BC3C007D9BCD /* GoogleKeep.xcdatamodeld */ = {
			isa = XCVersionGroup;
			children = (
				15C9BDCB1F29BC3C007D9BCD /* GoogleKeep.xcdatamodel */,
			);
			currentVersion = 15C9BDCB1F29BC3C007D9BCD /* GoogleKeep.xcdatamodel */;
			path = GoogleKeep.xcdatamodeld;
			sourceTree = "<group>";
			versionGroupType = wrapper.xcdatamodel;
		};
		15C9BDDE1F29BDC5007D9BCD /* GoogleKeep.xcdatamodeld */ = {
			isa = XCVersionGroup;
			children = (
				15C9BDDF1F29BDC5007D9BCD /* GoogleKeep.xcdatamodel */,
			);
			currentVersion = 15C9BDDF1F29BDC5007D9BCD /* GoogleKeep.xcdatamodel */;
			path = GoogleKeep.xcdatamodeld;
			sourceTree = "<group>";
			versionGroupType = wrapper.xcdatamodel;
		};
/* End XCVersionGroup section */
	};
	rootObject = 15C9BDB81F29BC3A007D9BCD /* Project object */;
}
